
Microsoft Visual Studio Solution File, Format Version 12.00
# Visual Studio 2012
Project("{FAE04EC0-301F-11D3-BF4B-00C04F79EFBC}") = "gk.Puzzles.DailyProgrammer.CmdLine", "gk.Puzzles.DailyProgrammer.CmdLine\gk.Puzzles.DailyProgrammer.CmdLine.csproj", "{EB53E2EC-EDDC-41C9-A40A-61704979CBFA}"
EndProject
Project("{FAE04EC0-301F-11D3-BF4B-00C04F79EFBC}") = "gk.Puzzles.DailyProgrammer", "gk.Puzzles.DailyProgrammer\gk.Puzzles.DailyProgrammer.csproj", "{B1CE649D-8DBE-4BE6-85BD-996501E5F266}"
EndProject
Project("{FAE04EC0-301F-11D3-BF4B-00C04F79EFBC}") = "Tests", "Tests\Tests.csproj", "{43070261-FE61-4B11-9716-297ECAF06532}"
EndProject
Global
	GlobalSection(SolutionConfigurationPlatforms) = preSolution
		Debug|Any CPU = Debug|Any CPU
		Release|Any CPU = Release|Any CPU
	EndGlobalSection
	GlobalSection(ProjectConfigurationPlatforms) = postSolution
		{EB53E2EC-EDDC-41C9-A40A-61704979CBFA}.Debug|Any CPU.ActiveCfg = Debug|Any CPU
		{EB53E2EC-EDDC-41C9-A40A-61704979CBFA}.Debug|Any CPU.Build.0 = Debug|Any CPU
		{EB53E2EC-EDDC-41C9-A40A-61704979CBFA}.Release|Any CPU.ActiveCfg = Release|Any CPU
		{EB53E2EC-EDDC-41C9-A40A-61704979CBFA}.Release|Any CPU.Build.0 = Release|Any CPU
		{B1CE649D-8DBE-4BE6-85BD-996501E5F266}.Debug|Any CPU.ActiveCfg = Debug|Any CPU
		{B1CE649D-8DBE-4BE6-85BD-996501E5F266}.Debug|Any CPU.Build.0 = Debug|Any CPU
		{B1CE649D-8DBE-4BE6-85BD-996501E5F266}.Release|Any CPU.ActiveCfg = Release|Any CPU
		{B1CE649D-8DBE-4BE6-85BD-996501E5F266}.Release|Any CPU.Build.0 = Release|Any CPU
		{43070261-FE61-4B11-9716-297ECAF06532}.Debug|Any CPU.ActiveCfg = Debug|Any CPU
		{43070261-FE61-4B11-9716-297ECAF06532}.Debug|Any CPU.Build.0 = Debug|Any CPU
		{43070261-FE61-4B11-9716-297ECAF06532}.Release|Any CPU.ActiveCfg = Release|Any CPU
		{43070261-FE61-4B11-9716-297ECAF06532}.Release|Any CPU.Build.0 = Release|Any CPU
	EndGlobalSection
	GlobalSection(SolutionProperties) = preSolution
		HideSolutionNode = FALSE
	EndGlobalSection
EndGlobal
